
Microsoft Visual Studio Solution File, Format Version 12.00
# Visual Studio Version 17
VisualStudioVersion = 17.13.35931.197 d17.13
MinimumVisualStudioVersion = 10.0.40219.1
Project("{FAE04EC0-301F-11D3-BF4B-00C04F79EFBC}") = "multiplicationOfTable", "multiplicationOfTable\multiplicationOfTable.csproj", "{CE4B1B5E-AC41-49DB-A155-05E5CE14CE0C}"
EndProject
Global
	GlobalSection(SolutionConfigurationPlatforms) = preSolution
		Debug|Any CPU = Debug|Any CPU
		Release|Any CPU = Release|Any CPU
	EndGlobalSection
	GlobalSection(ProjectConfigurationPlatforms) = postSolution
		{CE4B1B5E-AC41-49DB-A155-05E5CE14CE0C}.Debug|Any CPU.ActiveCfg = Debug|Any CPU
		{CE4B1B5E-AC41-49DB-A155-05E5CE14CE0C}.Debug|Any CPU.Build.0 = Debug|Any CPU
		{CE4B1B5E-AC41-49DB-A155-05E5CE14CE0C}.Release|Any CPU.ActiveCfg = Release|Any CPU
		{CE4B1B5E-AC41-49DB-A155-05E5CE14CE0C}.Release|Any CPU.Build.0 = Release|Any CPU
	EndGlobalSection
	GlobalSection(SolutionProperties) = preSolution
		HideSolutionNode = FALSE
	EndGlobalSection
	GlobalSection(ExtensibilityGlobals) = postSolution
		SolutionGuid = {EDA80312-4E02-4A1D-8286-0AA93D6EAC44}
	EndGlobalSection
EndGlobal
